// !$*UTF8*$!
{
	archiveVersion = 1;
	classes = {
	};
	objectVersion = 56;
	objects = {

/* Begin PBXBuildFile section */
		9B4CB9542A73B1C000EF3C9E /* AppDelegate.swift in Sources */ = {isa = PBXBuildFile; fileRef = 9B4CB9532A73B1C000EF3C9E /* AppDelegate.swift */; };
		9B4CB9562A73B1C000EF3C9E /* SceneDelegate.swift in Sources */ = {isa = PBXBuildFile; fileRef = 9B4CB9552A73B1C000EF3C9E /* SceneDelegate.swift */; };
		9B4CB9582A73B1C000EF3C9E /* ViewController.swift in Sources */ = {isa = PBXBuildFile; fileRef = 9B4CB9572A73B1C000EF3C9E /* ViewController.swift */; };
		9B4CB95B2A73B1C000EF3C9E /* Main.storyboard in Resources */ = {isa = PBXBuildFile; fileRef = 9B4CB9592A73B1C000EF3C9E /* Main.storyboard */; };
		9B4CB95D2A73B1C200EF3C9E /* Assets.xcassets in Resources */ = {isa = PBXBuildFile; fileRef = 9B4CB95C2A73B1C200EF3C9E /* Assets.xcassets */; };
		9B4CB9602A73B1C200EF3C9E /* LaunchScreen.storyboard in Resources */ = {isa = PBXBuildFile; fileRef = 9B4CB95E2A73B1C200EF3C9E /* LaunchScreen.storyboard */; };
		9B4CB96B2A73B1C200EF3C9E /* dz_yandexTests.swift in Sources */ = {isa = PBXBuildFile; fileRef = 9B4CB96A2A73B1C200EF3C9E /* dz_yandexTests.swift */; };
		9B4CB9752A73B1C200EF3C9E /* dz_yandexUITests.swift in Sources */ = {isa = PBXBuildFile; fileRef = 9B4CB9742A73B1C200EF3C9E /* dz_yandexUITests.swift */; };
		9B4CB9772A73B1C200EF3C9E /* dz_yandexUITestsLaunchTests.swift in Sources */ = {isa = PBXBuildFile; fileRef = 9B4CB9762A73B1C200EF3C9E /* dz_yandexUITestsLaunchTests.swift */; };
/* End PBXBuildFile section */

/* Begin PBXContainerItemProxy section */
		9B4CB9672A73B1C200EF3C9E /* PBXContainerItemProxy */ = {
			isa = PBXContainerItemProxy;
			containerPortal = 9B4CB9482A73B1C000EF3C9E /* Project object */;
			proxyType = 1;
			remoteGlobalIDString = 9B4CB94F2A73B1C000EF3C9E;
			remoteInfo = "dz yandex";
		};
		9B4CB9712A73B1C200EF3C9E /* PBXContainerItemProxy */ = {
			isa = PBXContainerItemProxy;
			containerPortal = 9B4CB9482A73B1C000EF3C9E /* Project object */;
			proxyType = 1;
			remoteGlobalIDString = 9B4CB94F2A73B1C000EF3C9E;
			remoteInfo = "dz yandex";
		};
/* End PBXContainerItemProxy section */

/* Begin PBXFileReference section */
		9B4CB9502A73B1C000EF3C9E /* dz yandex.app */ = {isa = PBXFileReference; explicitFileType = wrapper.application; includeInIndex = 0; path = "dz yandex.app"; sourceTree = BUILT_PRODUCTS_DIR; };
		9B4CB9532A73B1C000EF3C9E /* AppDelegate.swift */ = {isa = PBXFileReference; lastKnownFileType = sourcecode.swift; path = AppDelegate.swift; sourceTree = "<group>"; };
		9B4CB9552A73B1C000EF3C9E /* SceneDelegate.swift */ = {isa = PBXFileReference; lastKnownFileType = sourcecode.swift; path = SceneDelegate.swift; sourceTree = "<group>"; };
		9B4CB9572A73B1C000EF3C9E /* ViewController.swift */ = {isa = PBXFileReference; lastKnownFileType = sourcecode.swift; path = ViewController.swift; sourceTree = "<group>"; };
		9B4CB95A2A73B1C000EF3C9E /* Base */ = {isa = PBXFileReference; lastKnownFileType = file.storyboard; name = Base; path = Base.lproj/Main.storyboard; sourceTree = "<group>"; };
		9B4CB95C2A73B1C200EF3C9E /* Assets.xcassets */ = {isa = PBXFileReference; lastKnownFileType = folder.assetcatalog; path = Assets.xcassets; sourceTree = "<group>"; };
		9B4CB95F2A73B1C200EF3C9E /* Base */ = {isa = PBXFileReference; lastKnownFileType = file.storyboard; name = Base; path = Base.lproj/LaunchScreen.storyboard; sourceTree = "<group>"; };
		9B4CB9612A73B1C200EF3C9E /* Info.plist */ = {isa = PBXFileReference; lastKnownFileType = text.plist.xml; path = Info.plist; sourceTree = "<group>"; };
		9B4CB9662A73B1C200EF3C9E /* dz yandexTests.xctest */ = {isa = PBXFileReference; explicitFileType = wrapper.cfbundle; includeInIndex = 0; path = "dz yandexTests.xctest"; sourceTree = BUILT_PRODUCTS_DIR; };
		9B4CB96A2A73B1C200EF3C9E /* dz_yandexTests.swift */ = {isa = PBXFileReference; lastKnownFileType = sourcecode.swift; path = dz_yandexTests.swift; sourceTree = "<group>"; };
		9B4CB9702A73B1C200EF3C9E /* dz yandexUITests.xctest */ = {isa = PBXFileReference; explicitFileType = wrapper.cfbundle; includeInIndex = 0; path = "dz yandexUITests.xctest"; sourceTree = BUILT_PRODUCTS_DIR; };
		9B4CB9742A73B1C200EF3C9E /* dz_yandexUITests.swift */ = {isa = PBXFileReference; lastKnownFileType = sourcecode.swift; path = dz_yandexUITests.swift; sourceTree = "<group>"; };
		9B4CB9762A73B1C200EF3C9E /* dz_yandexUITestsLaunchTests.swift */ = {isa = PBXFileReference; lastKnownFileType = sourcecode.swift; path = dz_yandexUITestsLaunchTests.swift; sourceTree = "<group>"; };
/* End PBXFileReference section */

/* Begin PBXFrameworksBuildPhase section */
		9B4CB94D2A73B1C000EF3C9E /* Frameworks */ = {
			isa = PBXFrameworksBuildPhase;
			buildActionMask = 2147483647;
			files = (
			);
			runOnlyForDeploymentPostprocessing = 0;
		};
		9B4CB9632A73B1C200EF3C9E /* Frameworks */ = {
			isa = PBXFrameworksBuildPhase;
			buildActionMask = 2147483647;
			files = (
			);
			runOnlyForDeploymentPostprocessing = 0;
		};
		9B4CB96D2A73B1C200EF3C9E /* Frameworks */ = {
			isa = PBXFrameworksBuildPhase;
			buildActionMask = 2147483647;
			files = (
			);
			runOnlyForDeploymentPostprocessing = 0;
		};
/* End PBXFrameworksBuildPhase section */

/* Begin PBXGroup section */
		9B4CB9472A73B1C000EF3C9E = {
			isa = PBXGroup;
			children = (
				9B4CB9522A73B1C000EF3C9E /* dz yandex */,
				9B4CB9692A73B1C200EF3C9E /* dz yandexTests */,
				9B4CB9732A73B1C200EF3C9E /* dz yandexUITests */,
				9B4CB9512A73B1C000EF3C9E /* Products */,
			);
			sourceTree = "<group>";
		};
		9B4CB9512A73B1C000EF3C9E /* Products */ = {
			isa = PBXGroup;
			children = (
				9B4CB9502A73B1C000EF3C9E /* dz yandex.app */,
				9B4CB9662A73B1C200EF3C9E /* dz yandexTests.xctest */,
				9B4CB9702A73B1C200EF3C9E /* dz yandexUITests.xctest */,
			);
			name = Products;
			sourceTree = "<group>";
		};
		9B4CB9522A73B1C000EF3C9E /* dz yandex */ = {
			isa = PBXGroup;
			children = (
				9B4CB9532A73B1C000EF3C9E /* AppDelegate.swift */,
				9B4CB9552A73B1C000EF3C9E /* SceneDelegate.swift */,
				9B4CB9572A73B1C000EF3C9E /* ViewController.swift */,
				9B4CB9592A73B1C000EF3C9E /* Main.storyboard */,
				9B4CB95C2A73B1C200EF3C9E /* Assets.xcassets */,
				9B4CB95E2A73B1C200EF3C9E /* LaunchScreen.storyboard */,
				9B4CB9612A73B1C200EF3C9E /* Info.plist */,
			);
			path = "dz yandex";
			sourceTree = "<group>";
		};
		9B4CB9692A73B1C200EF3C9E /* dz yandexTests */ = {
			isa = PBXGroup;
			children = (
				9B4CB96A2A73B1C200EF3C9E /* dz_yandexTests.swift */,
			);
			path = "dz yandexTests";
			sourceTree = "<group>";
		};
		9B4CB9732A73B1C200EF3C9E /* dz yandexUITests */ = {
			isa = PBXGroup;
			children = (
				9B4CB9742A73B1C200EF3C9E /* dz_yandexUITests.swift */,
				9B4CB9762A73B1C200EF3C9E /* dz_yandexUITestsLaunchTests.swift */,
			);
			path = "dz yandexUITests";
			sourceTree = "<group>";
		};
/* End PBXGroup section */

/* Begin PBXNativeTarget section */
		9B4CB94F2A73B1C000EF3C9E /* dz yandex */ = {
			isa = PBXNativeTarget;
			buildConfigurationList = 9B4CB97A2A73B1C200EF3C9E /* Build configuration list for PBXNativeTarget "dz yandex" */;
			buildPhases = (
				9B4CB94C2A73B1C000EF3C9E /* Sources */,
				9B4CB94D2A73B1C000EF3C9E /* Frameworks */,
				9B4CB94E2A73B1C000EF3C9E /* Resources */,
			);
			buildRules = (
			);
			dependencies = (
			);
			name = "dz yandex";
			productName = "dz yandex";
			productReference = 9B4CB9502A73B1C000EF3C9E /* dz yandex.app */;
			productType = "com.apple.product-type.application";
		};
		9B4CB9652A73B1C200EF3C9E /* dz yandexTests */ = {
			isa = PBXNativeTarget;
			buildConfigurationList = 9B4CB97D2A73B1C200EF3C9E /* Build configuration list for PBXNativeTarget "dz yandexTests" */;
			buildPhases = (
				9B4CB9622A73B1C200EF3C9E /* Sources */,
				9B4CB9632A73B1C200EF3C9E /* Frameworks */,
				9B4CB9642A73B1C200EF3C9E /* Resources */,
			);
			buildRules = (
			);
			dependencies = (
				9B4CB9682A73B1C200EF3C9E /* PBXTargetDependency */,
			);
			name = "dz yandexTests";
			productName = "dz yandexTests";
			productReference = 9B4CB9662A73B1C200EF3C9E /* dz yandexTests.xctest */;
			productType = "com.apple.product-type.bundle.unit-test";
		};
		9B4CB96F2A73B1C200EF3C9E /* dz yandexUITests */ = {
			isa = PBXNativeTarget;
			buildConfigurationList = 9B4CB9802A73B1C200EF3C9E /* Build configuration list for PBXNativeTarget "dz yandexUITests" */;
			buildPhases = (
				9B4CB96C2A73B1C200EF3C9E /* Sources */,
				9B4CB96D2A73B1C200EF3C9E /* Frameworks */,
				9B4CB96E2A73B1C200EF3C9E /* Resources */,
			);
			buildRules = (
			);
			dependencies = (
				9B4CB9722A73B1C200EF3C9E /* PBXTargetDependency */,
			);
			name = "dz yandexUITests";
			productName = "dz yandexUITests";
			productReference = 9B4CB9702A73B1C200EF3C9E /* dz yandexUITests.xctest */;
			productType = "com.apple.product-type.bundle.ui-testing";
		};
/* End PBXNativeTarget section */

/* Begin PBXProject section */
		9B4CB9482A73B1C000EF3C9E /* Project object */ = {
			isa = PBXProject;
			attributes = {
				BuildIndependentTargetsInParallel = 1;
				LastSwiftUpdateCheck = 1430;
				LastUpgradeCheck = 1430;
				TargetAttributes = {
					9B4CB94F2A73B1C000EF3C9E = {
						CreatedOnToolsVersion = 14.3.1;
					};
					9B4CB9652A73B1C200EF3C9E = {
						CreatedOnToolsVersion = 14.3.1;
						TestTargetID = 9B4CB94F2A73B1C000EF3C9E;
					};
					9B4CB96F2A73B1C200EF3C9E = {
						CreatedOnToolsVersion = 14.3.1;
						TestTargetID = 9B4CB94F2A73B1C000EF3C9E;
					};
				};
			};
			buildConfigurationList = 9B4CB94B2A73B1C000EF3C9E /* Build configuration list for PBXProject "dz yandex" */;
			compatibilityVersion = "Xcode 14.0";
			developmentRegion = en;
			hasScannedForEncodings = 0;
			knownRegions = (
				en,
				Base,
			);
			mainGroup = 9B4CB9472A73B1C000EF3C9E;
			productRefGroup = 9B4CB9512A73B1C000EF3C9E /* Products */;
			projectDirPath = "";
			projectRoot = "";
			targets = (
				9B4CB94F2A73B1C000EF3C9E /* dz yandex */,
				9B4CB9652A73B1C200EF3C9E /* dz yandexTests */,
				9B4CB96F2A73B1C200EF3C9E /* dz yandexUITests */,
			);
		};
/* End PBXProject section */

/* Begin PBXResourcesBuildPhase section */
		9B4CB94E2A73B1C000EF3C9E /* Resources */ = {
			isa = PBXResourcesBuildPhase;
			buildActionMask = 2147483647;
			files = (
				9B4CB9602A73B1C200EF3C9E /* LaunchScreen.storyboard in Resources */,
				9B4CB95D2A73B1C200EF3C9E /* Assets.xcassets in Resources */,
				9B4CB95B2A73B1C000EF3C9E /* Main.storyboard in Resources */,
			);
			runOnlyForDeploymentPostprocessing = 0;
		};
		9B4CB9642A73B1C200EF3C9E /* Resources */ = {
			isa = PBXResourcesBuildPhase;
			buildActionMask = 2147483647;
			files = (
			);
			runOnlyForDeploymentPostprocessing = 0;
		};
		9B4CB96E2A73B1C200EF3C9E /* Resources */ = {
			isa = PBXResourcesBuildPhase;
			buildActionMask = 2147483647;
			files = (
			);
			runOnlyForDeploymentPostprocessing = 0;
		};
/* End PBXResourcesBuildPhase section */

/* Begin PBXSourcesBuildPhase section */
		9B4CB94C2A73B1C000EF3C9E /* Sources */ = {
			isa = PBXSourcesBuildPhase;
			buildActionMask = 2147483647;
			files = (
				9B4CB9582A73B1C000EF3C9E /* ViewController.swift in Sources */,
				9B4CB9542A73B1C000EF3C9E /* AppDelegate.swift in Sources */,
				9B4CB9562A73B1C000EF3C9E /* SceneDelegate.swift in Sources */,
			);
			runOnlyForDeploymentPostprocessing = 0;
		};
		9B4CB9622A73B1C200EF3C9E /* Sources */ = {
			isa = PBXSourcesBuildPhase;
			buildActionMask = 2147483647;
			files = (
				9B4CB96B2A73B1C200EF3C9E /* dz_yandexTests.swift in Sources */,
			);
			runOnlyForDeploymentPostprocessing = 0;
		};
		9B4CB96C2A73B1C200EF3C9E /* Sources */ = {
			isa = PBXSourcesBuildPhase;
			buildActionMask = 2147483647;
			files = (
				9B4CB9752A73B1C200EF3C9E /* dz_yandexUITests.swift in Sources */,
				9B4CB9772A73B1C200EF3C9E /* dz_yandexUITestsLaunchTests.swift in Sources */,
			);
			runOnlyForDeploymentPostprocessing = 0;
		};
/* End PBXSourcesBuildPhase section */

/* Begin PBXTargetDependency section */
		9B4CB9682A73B1C200EF3C9E /* PBXTargetDependency */ = {
			isa = PBXTargetDependency;
			target = 9B4CB94F2A73B1C000EF3C9E /* dz yandex */;
			targetProxy = 9B4CB9672A73B1C200EF3C9E /* PBXContainerItemProxy */;
		};
		9B4CB9722A73B1C200EF3C9E /* PBXTargetDependency */ = {
			isa = PBXTargetDependency;
			target = 9B4CB94F2A73B1C000EF3C9E /* dz yandex */;
			targetProxy = 9B4CB9712A73B1C200EF3C9E /* PBXContainerItemProxy */;
		};
/* End PBXTargetDependency section */

/* Begin PBXVariantGroup section */
		9B4CB9592A73B1C000EF3C9E /* Main.storyboard */ = {
			isa = PBXVariantGroup;
			children = (
				9B4CB95A2A73B1C000EF3C9E /* Base */,
			);
			name = Main.storyboard;
			sourceTree = "<group>";
		};
		9B4CB95E2A73B1C200EF3C9E /* LaunchScreen.storyboard */ = {
			isa = PBXVariantGroup;
			children = (
				9B4CB95F2A73B1C200EF3C9E /* Base */,
			);
			name = LaunchScreen.storyboard;
			sourceTree = "<group>";
		};
/* End PBXVariantGroup section */

/* Begin XCBuildConfiguration section */
		9B4CB9782A73B1C200EF3C9E /* Debug */ = {
			isa = XCBuildConfiguration;
			buildSettings = {
				ALWAYS_SEARCH_USER_PATHS = NO;
				CLANG_ANALYZER_NONNULL = YES;
				CLANG_ANALYZER_NUMBER_OBJECT_CONVERSION = YES_AGGRESSIVE;
				CLANG_CXX_LANGUAGE_STANDARD = "gnu++20";
				CLANG_ENABLE_MODULES = YES;
				CLANG_ENABLE_OBJC_ARC = YES;
				CLANG_ENABLE_OBJC_WEAK = YES;
				CLANG_WARN_BLOCK_CAPTURE_AUTORELEASING = YES;
				CLANG_WARN_BOOL_CONVERSION = YES;
				CLANG_WARN_COMMA = YES;
				CLANG_WARN_CONSTANT_CONVERSION = YES;
				CLANG_WARN_DEPRECATED_OBJC_IMPLEMENTATIONS = YES;
				CLANG_WARN_DIRECT_OBJC_ISA_USAGE = YES_ERROR;
				CLANG_WARN_DOCUMENTATION_COMMENTS = YES;
				CLANG_WARN_EMPTY_BODY = YES;
				CLANG_WARN_ENUM_CONVERSION = YES;
				CLANG_WARN_INFINITE_RECURSION = YES;
				CLANG_WARN_INT_CONVERSION = YES;
				CLANG_WARN_NON_LITERAL_NULL_CONVERSION = YES;
				CLANG_WARN_OBJC_IMPLICIT_RETAIN_SELF = YES;
				CLANG_WARN_OBJC_LITERAL_CONVERSION = YES;
				CLANG_WARN_OBJC_ROOT_CLASS = YES_ERROR;
				CLANG_WARN_QUOTED_INCLUDE_IN_FRAMEWORK_HEADER = YES;
				CLANG_WARN_RANGE_LOOP_ANALYSIS = YES;
				CLANG_WARN_STRICT_PROTOTYPES = YES;
				CLANG_WARN_SUSPICIOUS_MOVE = YES;
				CLANG_WARN_UNGUARDED_AVAILABILITY = YES_AGGRESSIVE;
				CLANG_WARN_UNREACHABLE_CODE = YES;
				CLANG_WARN__DUPLICATE_METHOD_MATCH = YES;
				COPY_PHASE_STRIP = NO;
				DEBUG_INFORMATION_FORMAT = dwarf;
				ENABLE_STRICT_OBJC_MSGSEND = YES;
				ENABLE_TESTABILITY = YES;
				GCC_C_LANGUAGE_STANDARD = gnu11;
				GCC_DYNAMIC_NO_PIC = NO;
				GCC_NO_COMMON_BLOCKS = YES;
				GCC_OPTIMIZATION_LEVEL = 0;
				GCC_PREPROCESSOR_DEFINITIONS = (
					"DEBUG=1",
					"$(inherited)",
				);
				GCC_WARN_64_TO_32_BIT_CONVERSION = YES;
				GCC_WARN_ABOUT_RETURN_TYPE = YES_ERROR;
				GCC_WARN_UNDECLARED_SELECTOR = YES;
				GCC_WARN_UNINITIALIZED_AUTOS = YES_AGGRESSIVE;
				GCC_WARN_UNUSED_FUNCTION = YES;
				GCC_WARN_UNUSED_VARIABLE = YES;
				IPHONEOS_DEPLOYMENT_TARGET = 16.4;
				MTL_ENABLE_DEBUG_INFO = INCLUDE_SOURCE;
				MTL_FAST_MATH = YES;
				ONLY_ACTIVE_ARCH = YES;
				SDKROOT = iphoneos;
				SWIFT_ACTIVE_COMPILATION_CONDITIONS = DEBUG;
				SWIFT_OPTIMIZATION_LEVEL = "-Onone";
			};
			name = Debug;
		};
		9B4CB9792A73B1C200EF3C9E /* Release */ = {
			isa = XCBuildConfiguration;
			buildSettings = {
				ALWAYS_SEARCH_USER_PATHS = NO;
				CLANG_ANALYZER_NONNULL = YES;
				CLANG_ANALYZER_NUMBER_OBJECT_CONVERSION = YES_AGGRESSIVE;
				CLANG_CXX_LANGUAGE_STANDARD = "gnu++20";
				CLANG_ENABLE_MODULES = YES;
				CLANG_ENABLE_OBJC_ARC = YES;
				CLANG_ENABLE_OBJC_WEAK = YES;
				CLANG_WARN_BLOCK_CAPTURE_AUTORELEASING = YES;
				CLANG_WARN_BOOL_CONVERSION = YES;
				CLANG_WARN_COMMA = YES;
				CLANG_WARN_CONSTANT_CONVERSION = YES;
				CLANG_WARN_DEPRECATED_OBJC_IMPLEMENTATIONS = YES;
				CLANG_WARN_DIRECT_OBJC_ISA_USAGE = YES_ERROR;
				CLANG_WARN_DOCUMENTATION_COMMENTS = YES;
				CLANG_WARN_EMPTY_BODY = YES;
				CLANG_WARN_ENUM_CONVERSION = YES;
				CLANG_WARN_INFINITE_RECURSION = YES;
				CLANG_WARN_INT_CONVERSION = YES;
				CLANG_WARN_NON_LITERAL_NULL_CONVERSION = YES;
				CLANG_WARN_OBJC_IMPLICIT_RETAIN_SELF = YES;
				CLANG_WARN_OBJC_LITERAL_CONVERSION = YES;
				CLANG_WARN_OBJC_ROOT_CLASS = YES_ERROR;
				CLANG_WARN_QUOTED_INCLUDE_IN_FRAMEWORK_HEADER = YES;
				CLANG_WARN_RANGE_LOOP_ANALYSIS = YES;
				CLANG_WARN_STRICT_PROTOTYPES = YES;
				CLANG_WARN_SUSPICIOUS_MOVE = YES;
				CLANG_WARN_UNGUARDED_AVAILABILITY = YES_AGGRESSIVE;
				CLANG_WARN_UNREACHABLE_CODE = YES;
				CLANG_WARN__DUPLICATE_METHOD_MATCH = YES;
				COPY_PHASE_STRIP = NO;
				DEBUG_INFORMATION_FORMAT = "dwarf-with-dsym";
				ENABLE_NS_ASSERTIONS = NO;
				ENABLE_STRICT_OBJC_MSGSEND = YES;
				GCC_C_LANGUAGE_STANDARD = gnu11;
				GCC_NO_COMMON_BLOCKS = YES;
				GCC_WARN_64_TO_32_BIT_CONVERSION = YES;
				GCC_WARN_ABOUT_RETURN_TYPE = YES_ERROR;
				GCC_WARN_UNDECLARED_SELECTOR = YES;
				GCC_WARN_UNINITIALIZED_AUTOS = YES_AGGRESSIVE;
				GCC_WARN_UNUSED_FUNCTION = YES;
				GCC_WARN_UNUSED_VARIABLE = YES;
				IPHONEOS_DEPLOYMENT_TARGET = 16.4;
				MTL_ENABLE_DEBUG_INFO = NO;
				MTL_FAST_MATH = YES;
				SDKROOT = iphoneos;
				SWIFT_COMPILATION_MODE = wholemodule;
				SWIFT_OPTIMIZATION_LEVEL = "-O";
				VALIDATE_PRODUCT = YES;
			};
			name = Release;
		};
		9B4CB97B2A73B1C200EF3C9E /* Debug */ = {
			isa = XCBuildConfiguration;
			buildSettings = {
				ASSETCATALOG_COMPILER_APPICON_NAME = AppIcon;
				ASSETCATALOG_COMPILER_GLOBAL_ACCENT_COLOR_NAME = AccentColor;
				CODE_SIGN_STYLE = Automatic;
				CURRENT_PROJECT_VERSION = 1;
				DEVELOPMENT_TEAM = 6968GMK3RG;
				GENERATE_INFOPLIST_FILE = YES;
				INFOPLIST_FILE = "dz yandex/Info.plist";
				INFOPLIST_KEY_UIApplicationSupportsIndirectInputEvents = YES;
				INFOPLIST_KEY_UILaunchStoryboardName = LaunchScreen;
				INFOPLIST_KEY_UIMainStoryboardFile = Main;
				INFOPLIST_KEY_UISupportedInterfaceOrientations_iPad = "UIInterfaceOrientationPortrait UIInterfaceOrientationPortraitUpsideDown UIInterfaceOrientationLandscapeLeft UIInterfaceOrientationLandscapeRight";
				INFOPLIST_KEY_UISupportedInterfaceOrientations_iPhone = "UIInterfaceOrientationPortrait UIInterfaceOrientationLandscapeLeft UIInterfaceOrientationLandscapeRight";
				LD_RUNPATH_SEARCH_PATHS = (
					"$(inherited)",
					"@executable_path/Frameworks",
				);
				MARKETING_VERSION = 1.0;
				PRODUCT_BUNDLE_IDENTIFIER = "DMyachin.dz-yandex";
				PRODUCT_NAME = "$(TARGET_NAME)";
				SWIFT_EMIT_LOC_STRINGS = YES;
				SWIFT_VERSION = 5.0;
				TARGETED_DEVICE_FAMILY = "1,2";
			};
			name = Debug;
		};
		9B4CB97C2A73B1C200EF3C9E /* Release */ = {
			isa = XCBuildConfiguration;
			buildSettings = {
				ASSETCATALOG_COMPILER_APPICON_NAME = AppIcon;
				ASSETCATALOG_COMPILER_GLOBAL_ACCENT_COLOR_NAME = AccentColor;
				CODE_SIGN_STYLE = Automatic;
				CURRENT_PROJECT_VERSION = 1;
				DEVELOPMENT_TEAM = 6968GMK3RG;
				GENERATE_INFOPLIST_FILE = YES;
				INFOPLIST_FILE = "dz yandex/Info.plist";
				INFOPLIST_KEY_UIApplicationSupportsIndirectInputEvents = YES;
				INFOPLIST_KEY_UILaunchStoryboardName = LaunchScreen;
				INFOPLIST_KEY_UIMainStoryboardFile = Main;
				INFOPLIST_KEY_UISupportedInterfaceOrientations_iPad = "UIInterfaceOrientationPortrait UIInterfaceOrientationPortraitUpsideDown UIInterfaceOrientationLandscapeLeft UIInterfaceOrientationLandscapeRight";
				INFOPLIST_KEY_UISupportedInterfaceOrientations_iPhone = "UIInterfaceOrientationPortrait UIInterfaceOrientationLandscapeLeft UIInterfaceOrientationLandscapeRight";
				LD_RUNPATH_SEARCH_PATHS = (
					"$(inherited)",
					"@executable_path/Frameworks",
				);
				MARKETING_VERSION = 1.0;
				PRODUCT_BUNDLE_IDENTIFIER = "DMyachin.dz-yandex";
				PRODUCT_NAME = "$(TARGET_NAME)";
				SWIFT_EMIT_LOC_STRINGS = YES;
				SWIFT_VERSION = 5.0;
				TARGETED_DEVICE_FAMILY = "1,2";
			};
			name = Release;
		};
		9B4CB97E2A73B1C200EF3C9E /* Debug */ = {
			isa = XCBuildConfiguration;
			buildSettings = {
				ALWAYS_EMBED_SWIFT_STANDARD_LIBRARIES = YES;
				BUNDLE_LOADER = "$(TEST_HOST)";
				CODE_SIGN_STYLE = Automatic;
				CURRENT_PROJECT_VERSION = 1;
				DEVELOPMENT_TEAM = 6968GMK3RG;
				GENERATE_INFOPLIST_FILE = YES;
				IPHONEOS_DEPLOYMENT_TARGET = 16.4;
				MARKETING_VERSION = 1.0;
				PRODUCT_BUNDLE_IDENTIFIER = "DMyachin.dz-yandexTests";
				PRODUCT_NAME = "$(TARGET_NAME)";
				SWIFT_EMIT_LOC_STRINGS = NO;
				SWIFT_VERSION = 5.0;
				TARGETED_DEVICE_FAMILY = "1,2";
				TEST_HOST = "$(BUILT_PRODUCTS_DIR)/dz yandex.app/$(BUNDLE_EXECUTABLE_FOLDER_PATH)/dz yandex";
			};
			name = Debug;
		};
		9B4CB97F2A73B1C200EF3C9E /* Release */ = {
			isa = XCBuildConfiguration;
			buildSettings = {
				ALWAYS_EMBED_SWIFT_STANDARD_LIBRARIES = YES;
				BUNDLE_LOADER = "$(TEST_HOST)";
				CODE_SIGN_STYLE = Automatic;
				CURRENT_PROJECT_VERSION = 1;
				DEVELOPMENT_TEAM = 6968GMK3RG;
				GENERATE_INFOPLIST_FILE = YES;
				IPHONEOS_DEPLOYMENT_TARGET = 16.4;
				MARKETING_VERSION = 1.0;
				PRODUCT_BUNDLE_IDENTIFIER = "DMyachin.dz-yandexTests";
				PRODUCT_NAME = "$(TARGET_NAME)";
				SWIFT_EMIT_LOC_STRINGS = NO;
				SWIFT_VERSION = 5.0;
				TARGETED_DEVICE_FAMILY = "1,2";
				TEST_HOST = "$(BUILT_PRODUCTS_DIR)/dz yandex.app/$(BUNDLE_EXECUTABLE_FOLDER_PATH)/dz yandex";
			};
			name = Release;
		};
		9B4CB9812A73B1C200EF3C9E /* Debug */ = {
			isa = XCBuildConfiguration;
			buildSettings = {
				ALWAYS_EMBED_SWIFT_STANDARD_LIBRARIES = YES;
				CODE_SIGN_STYLE = Automatic;
				CURRENT_PROJECT_VERSION = 1;
				DEVELOPMENT_TEAM = 6968GMK3RG;
				GENERATE_INFOPLIST_FILE = YES;
				MARKETING_VERSION = 1.0;
				PRODUCT_BUNDLE_IDENTIFIER = "DMyachin.dz-yandexUITests";
				PRODUCT_NAME = "$(TARGET_NAME)";
				SWIFT_EMIT_LOC_STRINGS = NO;
				SWIFT_VERSION = 5.0;
				TARGETED_DEVICE_FAMILY = "1,2";
				TEST_TARGET_NAME = "dz yandex";
			};
			name = Debug;
		};
		9B4CB9822A73B1C200EF3C9E /* Release */ = {
			isa = XCBuildConfiguration;
			buildSettings = {
				ALWAYS_EMBED_SWIFT_STANDARD_LIBRARIES = YES;
				CODE_SIGN_STYLE = Automatic;
				CURRENT_PROJECT_VERSION = 1;
				DEVELOPMENT_TEAM = 6968GMK3RG;
				GENERATE_INFOPLIST_FILE = YES;
				MARKETING_VERSION = 1.0;
				PRODUCT_BUNDLE_IDENTIFIER = "DMyachin.dz-yandexUITests";
				PRODUCT_NAME = "$(TARGET_NAME)";
				SWIFT_EMIT_LOC_STRINGS = NO;
				SWIFT_VERSION = 5.0;
				TARGETED_DEVICE_FAMILY = "1,2";
				TEST_TARGET_NAME = "dz yandex";
			};
			name = Release;
		};
/* End XCBuildConfiguration section */

/* Begin XCConfigurationList section */
		9B4CB94B2A73B1C000EF3C9E /* Build configuration list for PBXProject "dz yandex" */ = {
			isa = XCConfigurationList;
			buildConfigurations = (
				9B4CB9782A73B1C200EF3C9E /* Debug */,
				9B4CB9792A73B1C200EF3C9E /* Release */,
			);
			defaultConfigurationIsVisible = 0;
			defaultConfigurationName = Release;
		};
		9B4CB97A2A73B1C200EF3C9E /* Build configuration list for PBXNativeTarget "dz yandex" */ = {
			isa = XCConfigurationList;
			buildConfigurations = (
				9B4CB97B2A73B1C200EF3C9E /* Debug */,
				9B4CB97C2A73B1C200EF3C9E /* Release */,
			);
			defaultConfigurationIsVisible = 0;
			defaultConfigurationName = Release;
		};
		9B4CB97D2A73B1C200EF3C9E /* Build configuration list for PBXNativeTarget "dz yandexTests" */ = {
			isa = XCConfigurationList;
			buildConfigurations = (
				9B4CB97E2A73B1C200EF3C9E /* Debug */,
				9B4CB97F2A73B1C200EF3C9E /* Release */,
			);
			defaultConfigurationIsVisible = 0;
			defaultConfigurationName = Release;
		};
		9B4CB9802A73B1C200EF3C9E /* Build configuration list for PBXNativeTarget "dz yandexUITests" */ = {
			isa = XCConfigurationList;
			buildConfigurations = (
				9B4CB9812A73B1C200EF3C9E /* Debug */,
				9B4CB9822A73B1C200EF3C9E /* Release */,
			);
			defaultConfigurationIsVisible = 0;
			defaultConfigurationName = Release;
		};
/* End XCConfigurationList section */
	};
	rootObject = 9B4CB9482A73B1C000EF3C9E /* Project object */;
}
